Microsoft Visual Studio Solution File, Format Version 12.00
# Visual Studio 15
VisualStudioVersion = 15.0.28010.2016
MinimumVisualStudioVersion = 10.0.40219.1
Project("{FAE04EC0-301F-11D3-BF4B-00C04F79EFBC}") = "MobileMovieDB.Android", "MobileMovieDB.Android\MobileMovieDB.Android.csproj", "{89081448-C1B5-4C01-8482-4A74CD14D115}"
EndProject
Project("{FAE04EC0-301F-11D3-BF4B-00C04F79EFBC}") = "MobileMovieDB.iOS", "MobileMovieDB.iOS\MobileMovieDB.iOS.csproj", "{20FCDD89-1336-4FE5-866E-5CD4B927DD48}"
EndProject
Project("{9A19103F-16F7-4668-BE54-9A1E7A4F7556}") = "MobileMovieDB", "MobileMovieDB\MobileMovieDB.csproj", "{49C2DB6D-ED71-4839-B9A9-3A04994BAF43}"
EndProject
Global
	GlobalSection(SolutionConfigurationPlatforms) = preSolution
		Ad-Hoc|Any CPU = Ad-Hoc|Any CPU
		Ad-Hoc|iPhone = Ad-Hoc|iPhone
		Ad-Hoc|iPhoneSimulator = Ad-Hoc|iPhoneSimulator
		AppStore|Any CPU = AppStore|Any CPU
		AppStore|iPhone = AppStore|iPhone
		AppStore|iPhoneSimulator = AppStore|iPhoneSimulator
		Debug|Any CPU = Debug|Any CPU
		Debug|iPhone = Debug|iPhone
		Debug|iPhoneSimulator = Debug|iPhoneSimulator
		Release|Any CPU = Release|Any CPU
		Release|iPhone = Release|iPhone
		Release|iPhoneSimulator = Release|iPhoneSimulator
	EndGlobalSection
	GlobalSection(ProjectConfigurationPlatforms) = postSolution
		{89081448-C1B5-4C01-8482-4A74CD14D115}.Ad-Hoc|Any CPU.ActiveCfg = Release|Any CPU
		{89081448-C1B5-4C01-8482-4A74CD14D115}.Ad-Hoc|Any CPU.Build.0 = Release|Any CPU
		{89081448-C1B5-4C01-8482-4A74CD14D115}.Ad-Hoc|Any CPU.Deploy.0 = Release|Any CPU
		{89081448-C1B5-4C01-8482-4A74CD14D115}.Ad-Hoc|iPhone.ActiveCfg = Debug|Any CPU
		{89081448-C1B5-4C01-8482-4A74CD14D115}.Ad-Hoc|iPhone.Build.0 = Debug|Any CPU
		{89081448-C1B5-4C01-8482-4A74CD14D115}.Ad-Hoc|iPhoneSimulator.ActiveCfg = Release|Any CPU
		{89081448-C1B5-4C01-8482-4A74CD14D115}.Ad-Hoc|iPhoneSimulator.Build.0 = Release|Any CPU
		{89081448-C1B5-4C01-8482-4A74CD14D115}.Ad-Hoc|iPhoneSimulator.Deploy.0 = Release|Any CPU
		{89081448-C1B5-4C01-8482-4A74CD14D115}.AppStore|Any CPU.ActiveCfg = Release|Any CPU
		{89081448-C1B5-4C01-8482-4A74CD14D115}.AppStore|Any CPU.Build.0 = Release|Any CPU
		{89081448-C1B5-4C01-8482-4A74CD14D115}.AppStore|Any CPU.Deploy.0 = Release|Any CPU
		{89081448-C1B5-4C01-8482-4A74CD14D115}.AppStore|iPhone.ActiveCfg = Debug|Any CPU
		{89081448-C1B5-4C01-8482-4A74CD14D115}.AppStore|iPhone.Build.0 = Debug|Any CPU
		{89081448-C1B5-4C01-8482-4A74CD14D115}.AppStore|iPhoneSimulator.ActiveCfg = Release|Any CPU
		{89081448-C1B5-4C01-8482-4A74CD14D115}.AppStore|iPhoneSimulator.Build.0 = Release|Any CPU
		{89081448-C1B5-4C01-8482-4A74CD14D115}.AppStore|iPhoneSimulator.Deploy.0 = Release|Any CPU
		{89081448-C1B5-4C01-8482-4A74CD14D115}.Debug|Any CPU.ActiveCfg = Debug|Any CPU
		{89081448-C1B5-4C01-8482-4A74CD14D115}.Debug|Any CPU.Build.0 = Debug|Any CPU
		{89081448-C1B5-4C01-8482-4A74CD14D115}.Debug|Any CPU.Deploy.0 = Debug|Any CPU
		{89081448-C1B5-4C01-8482-4A74CD14D115}.Debug|iPhone.ActiveCfg = Debug|Any CPU
		{89081448-C1B5-4C01-8482-4A74CD14D115}.Debug|iPhone.Build.0 = Debug|Any CPU
		{89081448-C1B5-4C01-8482-4A74CD14D115}.Debug|iPhoneSimulator.ActiveCfg = Debug|Any CPU
		{89081448-C1B5-4C01-8482-4A74CD14D115}.Debug|iPhoneSimulator.Build.0 = Debug|Any CPU
		{89081448-C1B5-4C01-8482-4A74CD14D115}.Release|Any CPU.ActiveCfg = Release|Any CPU
		{89081448-C1B5-4C01-8482-4A74CD14D115}.Release|Any CPU.Build.0 = Release|Any CPU
		{89081448-C1B5-4C01-8482-4A74CD14D115}.Release|iPhone.ActiveCfg = Release|Any CPU
		{89081448-C1B5-4C01-8482-4A74CD14D115}.Release|iPhone.Build.0 = Release|Any CPU
		{89081448-C1B5-4C01-8482-4A74CD14D115}.Release|iPhoneSimulator.ActiveCfg = Release|Any CPU
		{89081448-C1B5-4C01-8482-4A74CD14D115}.Release|iPhoneSimulator.Build.0 = Release|Any CPU
		{20FCDD89-1336-4FE5-866E-5CD4B927DD48}.Ad-Hoc|Any CPU.ActiveCfg = Ad-Hoc|iPhoneSimulator
		{20FCDD89-1336-4FE5-866E-5CD4B927DD48}.Ad-Hoc|iPhone.ActiveCfg = Ad-Hoc|iPhone
		{20FCDD89-1336-4FE5-866E-5CD4B927DD48}.Ad-Hoc|iPhone.Build.0 = Ad-Hoc|iPhone
		{20FCDD89-1336-4FE5-866E-5CD4B927DD48}.Ad-Hoc|iPhoneSimulator.ActiveCfg = Ad-Hoc|iPhoneSimulator
		{20FCDD89-1336-4FE5-866E-5CD4B927DD48}.Ad-Hoc|iPhoneSimulator.Build.0 = Ad-Hoc|iPhoneSimulator
		{20FCDD89-1336-4FE5-866E-5CD4B927DD48}.AppStore|Any CPU.ActiveCfg = AppStore|iPhoneSimulator
		{20FCDD89-1336-4FE5-866E-5CD4B927DD48}.AppStore|iPhone.ActiveCfg = AppStore|iPhone
		{20FCDD89-1336-4FE5-866E-5CD4B927DD48}.AppStore|iPhone.Build.0 = AppStore|iPhone
		{20FCDD89-1336-4FE5-866E-5CD4B927DD48}.AppStore|iPhoneSimulator.ActiveCfg = AppStore|iPhoneSimulator
		{20FCDD89-1336-4FE5-866E-5CD4B927DD48}.AppStore|iPhoneSimulator.Build.0 = AppStore|iPhoneSimulator
		{20FCDD89-1336-4FE5-866E-5CD4B927DD48}.Debug|Any CPU.ActiveCfg = Debug|iPhoneSimulator
		{20FCDD89-1336-4FE5-866E-5CD4B927DD48}.Debug|Any CPU.Build.0 = Debug|iPhoneSimulator
		{20FCDD89-1336-4FE5-866E-5CD4B927DD48}.Debug|iPhone.ActiveCfg = Debug|iPhone
		{20FCDD89-1336-4FE5-866E-5CD4B927DD48}.Debug|iPhone.Build.0 = Debug|iPhone
		{20FCDD89-1336-4FE5-866E-5CD4B927DD48}.Debug|iPhoneSimulator.ActiveCfg = Debug|iPhoneSimulator
		{20FCDD89-1336-4FE5-866E-5CD4B927DD48}.Debug|iPhoneSimulator.Build.0 = Debug|iPhoneSimulator
		{20FCDD89-1336-4FE5-866E-5CD4B927DD48}.Release|Any CPU.ActiveCfg = Release|iPhoneSimulator
		{20FCDD89-1336-4FE5-866E-5CD4B927DD48}.Release|Any CPU.Build.0 = Release|iPhoneSimulator
		{20FCDD89-1336-4FE5-866E-5CD4B927DD48}.Release|iPhone.ActiveCfg = Release|iPhone
		{20FCDD89-1336-4FE5-866E-5CD4B927DD48}.Release|iPhone.Build.0 = Release|iPhone
		{20FCDD89-1336-4FE5-866E-5CD4B927DD48}.Release|iPhoneSimulator.ActiveCfg = Release|iPhoneSimulator
		{20FCDD89-1336-4FE5-866E-5CD4B927DD48}.Release|iPhoneSimulator.Build.0 = Release|iPhoneSimulator
		{49C2DB6D-ED71-4839-B9A9-3A04994BAF43}.Ad-Hoc|Any CPU.ActiveCfg = Release|Any CPU
		{49C2DB6D-ED71-4839-B9A9-3A04994BAF43}.Ad-Hoc|Any CPU.Build.0 = Release|Any CPU
		{49C2DB6D-ED71-4839-B9A9-3A04994BAF43}.Ad-Hoc|iPhone.ActiveCfg = Debug|Any CPU
		{49C2DB6D-ED71-4839-B9A9-3A04994BAF43}.Ad-Hoc|iPhone.Build.0 = Debug|Any CPU
		{49C2DB6D-ED71-4839-B9A9-3A04994BAF43}.Ad-Hoc|iPhoneSimulator.ActiveCfg = Release|Any CPU
		{49C2DB6D-ED71-4839-B9A9-3A04994BAF43}.Ad-Hoc|iPhoneSimulator.Build.0 = Release|Any CPU
		{49C2DB6D-ED71-4839-B9A9-3A04994BAF43}.AppStore|Any CPU.ActiveCfg = Release|Any CPU
		{49C2DB6D-ED71-4839-B9A9-3A04994BAF43}.AppStore|Any CPU.Build.0 = Release|Any CPU
		{49C2DB6D-ED71-4839-B9A9-3A04994BAF43}.AppStore|iPhone.ActiveCfg = Debug|Any CPU
		{49C2DB6D-ED71-4839-B9A9-3A04994BAF43}.AppStore|iPhone.Build.0 = Debug|Any CPU
		{49C2DB6D-ED71-4839-B9A9-3A04994BAF43}.AppStore|iPhoneSimulator.ActiveCfg = Release|Any CPU
		{49C2DB6D-ED71-4839-B9A9-3A04994BAF43}.AppStore|iPhoneSimulator.Build.0 = Release|Any CPU
		{49C2DB6D-ED71-4839-B9A9-3A04994BAF43}.Debug|Any CPU.ActiveCfg = Debug|Any CPU
		{49C2DB6D-ED71-4839-B9A9-3A04994BAF43}.Debug|Any CPU.Build.0 = Debug|Any CPU
		{49C2DB6D-ED71-4839-B9A9-3A04994BAF43}.Debug|iPhone.ActiveCfg = Debug|Any CPU
		{49C2DB6D-ED71-4839-B9A9-3A04994BAF43}.Debug|iPhone.Build.0 = Debug|Any CPU
		{49C2DB6D-ED71-4839-B9A9-3A04994BAF43}.Debug|iPhoneSimulator.ActiveCfg = Debug|Any CPU
		{49C2DB6D-ED71-4839-B9A9-3A04994BAF43}.Debug|iPhoneSimulator.Build.0 = Debug|Any CPU
		{49C2DB6D-ED71-4839-B9A9-3A04994BAF43}.Release|Any CPU.ActiveCfg = Release|Any CPU
		{49C2DB6D-ED71-4839-B9A9-3A04994BAF43}.Release|Any CPU.Build.0 = Release|Any CPU
		{49C2DB6D-ED71-4839-B9A9-3A04994BAF43}.Release|iPhone.ActiveCfg = Release|Any CPU
		{49C2DB6D-ED71-4839-B9A9-3A04994BAF43}.Release|iPhone.Build.0 = Release|Any CPU
		{49C2DB6D-ED71-4839-B9A9-3A04994BAF43}.Release|iPhoneSimulator.ActiveCfg = Release|Any CPU
		{49C2DB6D-ED71-4839-B9A9-3A04994BAF43}.Release|iPhoneSimulator.Build.0 = Release|Any CPU
	EndGlobalSection
	GlobalSection(SolutionProperties) = preSolution
		HideSolutionNode = FALSE
	EndGlobalSection
	GlobalSection(ExtensibilityGlobals) = postSolution
		SolutionGuid = {BC5A2C62-126E-4B53-BCC3-74C1BE6D7BEE}
	EndGlobalSection
EndGlobal
